{
  "name": "do-again",
  "version": "1.0.0",
  "lockfileVersion": 3,
  "requires": true,
  "packages": {
    "": {
      "name": "do-again",
      "version": "1.0.0",
      "license": "MIT",
      "bin": {
        "do-again": "bin/do-again.js"
      },
      "engines": {
        "node": ">=18"
      }
    }
  }
}
